<?xml version="1.0" encoding="utf-8"?>
<Project ToolsVersion="4.0" xmlns="http://schemas.microsoft.com/developer/msbuild/2003">
  <ItemGroup>
    <Filter Include="Source Files">
      <UniqueIdentifier>{4FC737F1-C7A5-4376-A066-2A32D752A2FF}</UniqueIdentifier>
      <Extensions>cpp;c;cc;cxx;c++;def;odl;idl;hpj;bat;asm;asmx</Extensions>
    </Filter>
    <Filter Include="Header Files">
      <UniqueIdentifier>{93995380-89BD-4b04-88EB-625FBE52EBFB}</UniqueIdentifier>
      <Extensions>h;hh;hpp;hxx;h++;hm;inl;inc;ipp;xsd</Extensions>
    </Filter>
    <Filter Include="Resource Files">
      <UniqueIdentifier>{67DA6AB6-F800-4c08-8B7A-83BB121AAD01}</UniqueIdentifier>
      <Extensions>rc;ico;cur;bmp;dlg;rc2;rct;bin;rgs;gif;jpg;jpeg;jpe;resx;tiff;tif;png;wav;mfcribbon-ms</Extensions>
    </Filter>
  </ItemGroup>
  <ItemGroup>
    <ClCompile Include="IsingModel-Visual.c">
      <Filter>Source Files</Filter>
    </ClCompile>
    <ClCompile Include="src\metroplis_hastings_step.cpp">
      <Filter>Source Files</Filter>
    </ClCompile>
    <ClCompile Include="src\metropolis_hastings_neighbors.cpp">
      <Filter>Source Files</Filter>
    </ClCompile>
  </ItemGroup>
  <ItemGroup>
    <ClInclude Include="include\metropolis_hastings_neighbors.h">
      <Filter>Header Files</Filter>
    </ClInclude>
    <ClInclude Include="include\metropolis_hastings_step.h">
      <Filter>Header Files</Filter>
    </ClInclude>
  </ItemGroup>
  <ItemGroup>
    <None Include=".gitignore" />
    <None Include="CppProperties.json" />
    <None Include="Doxyfile" />
    <None Include="LICENSE" />
    <None Include="map2torus.lyx" />
    <None Include="README.md" />
    <None Include="docs\html\search\all_0.html" />
    <None Include="docs\html\search\all_1.html" />
    <None Include="docs\html\search\all_2.html" />
    <None Include="docs\html\search\all_3.html" />
    <None Include="docs\html\search\all_4.html" />
    <None Include="docs\html\search\all_5.html" />
    <None Include="docs\html\search\all_6.html" />
    <None Include="docs\html\search\all_7.html" />
    <None Include="docs\html\search\all_8.html" />
    <None Include="docs\html\search\all_9.html" />
    <None Include="docs\html\search\all_a.html" />
    <None Include="docs\html\search\all_b.html" />
    <None Include="docs\html\search\defines_0.html" />
    <None Include="docs\html\search\files_0.html" />
    <None Include="docs\html\search\files_1.html" />
    <None Include="docs\html\search\files_2.html" />
    <None Include="docs\html\search\functions_0.html" />
    <None Include="docs\html\search\functions_1.html" />
    <None Include="docs\html\search\functions_2.html" />
    <None Include="docs\html\search\functions_3.html" />
    <None Include="docs\html\search\functions_4.html" />
    <None Include="docs\html\search\functions_5.html" />
    <None Include="docs\html\search\functions_6.html" />
    <None Include="docs\html\search\functions_7.html" />
    <None Include="docs\html\search\nomatches.html" />
    <None Include="docs\html\search\pages_0.html" />
    <None Include="docs\html\search\variables_0.html" />
    <None Include="docs\html\search\variables_1.html" />
    <None Include="docs\html\search\variables_2.html" />
    <None Include="docs\html\search\variables_3.html" />
    <None Include="docs\html\search\variables_4.html" />
    <None Include="docs\html\search\variables_5.html" />
    <None Include="docs\html\_ising_model-_visual_8c.html" />
    <None Include="docs\html\_ising_model-_visual-_c_8c.html" />
    <None Include="docs\html\_r_e_a_d_m_e_8md.html" />
    <None Include="docs\html\dir_3feee31581be0c8e7f454d6103065ffc.html" />
    <None Include="docs\html\dir_6ead3d8fbe7f6b67b79bad16c3b028fa.html" />
    <None Include="docs\html\dir_635b5340e412ba3040539a941b16f7c9.html" />
    <None Include="docs\html\dir_b79e2834a365cce913ac6f7d1d04d43d.html" />
    <None Include="docs\html\dir_b94e489d5b74c7369ad572d10fb9ee35.html" />
    <None Include="docs\html\dir_d522931ffa1371640980b621734a4381.html" />
    <None Include="docs\html\files.html" />
    <None Include="docs\html\globals.html" />
    <None Include="docs\html\globals_defs.html" />
    <None Include="docs\html\globals_func.html" />
    <None Include="docs\html\globals_vars.html" />
    <None Include="docs\html\index.html" />
    <None Include="docs\html\md__c_1__users_ethan_source_repos__ising_model-_visual-_c__r_e_a_d_m_e.html" />
    <None Include="docs\html\md__r_e_a_d_m_e.html" />
    <None Include="docs\html\neighbors_8h.html" />
    <None Include="docs\html\neighbors_8h_source.html" />
    <None Include="docs\html\pages.html" />
  </ItemGroup>
</Project>